
Microsoft Visual Studio Solution File, Format Version 12.00
# Visual Studio Version 16
VisualStudioVersion = 16.0.32106.194
MinimumVisualStudioVersion = 10.0.40219.1
Project("{9A19103F-16F7-4668-BE54-9A1E7A4F7556}") = "01. Old Books", "01. Old Books\01. Old Books.csproj", "{EDD6F115-D030-4035-A881-C03A9724022F}"
EndProject
Project("{9A19103F-16F7-4668-BE54-9A1E7A4F7556}") = "02. Exam Preparation", "02. Exam Preparation\02. Exam Preparation.csproj", "{3320F562-4115-433F-94C7-E980D1B06E29}"
EndProject
Project("{9A19103F-16F7-4668-BE54-9A1E7A4F7556}") = "03. Vacation", "03. Vacation\03. Vacation.csproj", "{8E2BA140-0C70-456A-ACF8-11A13B943731}"
EndProject
Project("{9A19103F-16F7-4668-BE54-9A1E7A4F7556}") = "04. Walking", "04. Walking\04. Walking.csproj", "{BCD14BB7-D9E8-4317-85F7-9AC641851E35}"
EndProject
Project("{FAE04EC0-301F-11D3-BF4B-00C04F79EFBC}") = "05. Coins", "05. Coins\05. Coins.csproj", "{B502350B-B85E-43D5-8CF3-748A89A038C2}"
EndProject
Project("{FAE04EC0-301F-11D3-BF4B-00C04F79EFBC}") = "06. Cake", "06. Cake\06. Cake.csproj", "{681398FF-CE6F-4C98-B893-592678551B5C}"
EndProject
Project("{FAE04EC0-301F-11D3-BF4B-00C04F79EFBC}") = "07. Moving", "07. Moving\07. Moving.csproj", "{141637A6-0F91-4857-BCCF-CC767AF9935A}"
EndProject
Global
	GlobalSection(SolutionConfigurationPlatforms) = preSolution
		Debug|Any CPU = Debug|Any CPU
		Release|Any CPU = Release|Any CPU
	EndGlobalSection
	GlobalSection(ProjectConfigurationPlatforms) = postSolution
		{EDD6F115-D030-4035-A881-C03A9724022F}.Debug|Any CPU.ActiveCfg = Debug|Any CPU
		{EDD6F115-D030-4035-A881-C03A9724022F}.Debug|Any CPU.Build.0 = Debug|Any CPU
		{EDD6F115-D030-4035-A881-C03A9724022F}.Release|Any CPU.ActiveCfg = Release|Any CPU
		{EDD6F115-D030-4035-A881-C03A9724022F}.Release|Any CPU.Build.0 = Release|Any CPU
		{3320F562-4115-433F-94C7-E980D1B06E29}.Debug|Any CPU.ActiveCfg = Debug|Any CPU
		{3320F562-4115-433F-94C7-E980D1B06E29}.Debug|Any CPU.Build.0 = Debug|Any CPU
		{3320F562-4115-433F-94C7-E980D1B06E29}.Release|Any CPU.ActiveCfg = Release|Any CPU
		{3320F562-4115-433F-94C7-E980D1B06E29}.Release|Any CPU.Build.0 = Release|Any CPU
		{8E2BA140-0C70-456A-ACF8-11A13B943731}.Debug|Any CPU.ActiveCfg = Debug|Any CPU
		{8E2BA140-0C70-456A-ACF8-11A13B943731}.Debug|Any CPU.Build.0 = Debug|Any CPU
		{8E2BA140-0C70-456A-ACF8-11A13B943731}.Release|Any CPU.ActiveCfg = Release|Any CPU
		{8E2BA140-0C70-456A-ACF8-11A13B943731}.Release|Any CPU.Build.0 = Release|Any CPU
		{BCD14BB7-D9E8-4317-85F7-9AC641851E35}.Debug|Any CPU.ActiveCfg = Debug|Any CPU
		{BCD14BB7-D9E8-4317-85F7-9AC641851E35}.Debug|Any CPU.Build.0 = Debug|Any CPU
		{BCD14BB7-D9E8-4317-85F7-9AC641851E35}.Release|Any CPU.ActiveCfg = Release|Any CPU
		{BCD14BB7-D9E8-4317-85F7-9AC641851E35}.Release|Any CPU.Build.0 = Release|Any CPU
		{B502350B-B85E-43D5-8CF3-748A89A038C2}.Debug|Any CPU.ActiveCfg = Debug|Any CPU
		{B502350B-B85E-43D5-8CF3-748A89A038C2}.Debug|Any CPU.Build.0 = Debug|Any CPU
		{B502350B-B85E-43D5-8CF3-748A89A038C2}.Release|Any CPU.ActiveCfg = Release|Any CPU
		{B502350B-B85E-43D5-8CF3-748A89A038C2}.Release|Any CPU.Build.0 = Release|Any CPU
		{681398FF-CE6F-4C98-B893-592678551B5C}.Debug|Any CPU.ActiveCfg = Debug|Any CPU
		{681398FF-CE6F-4C98-B893-592678551B5C}.Debug|Any CPU.Build.0 = Debug|Any CPU
		{681398FF-CE6F-4C98-B893-592678551B5C}.Release|Any CPU.ActiveCfg = Release|Any CPU
		{681398FF-CE6F-4C98-B893-592678551B5C}.Release|Any CPU.Build.0 = Release|Any CPU
		{141637A6-0F91-4857-BCCF-CC767AF9935A}.Debug|Any CPU.ActiveCfg = Debug|Any CPU
		{141637A6-0F91-4857-BCCF-CC767AF9935A}.Debug|Any CPU.Build.0 = Debug|Any CPU
		{141637A6-0F91-4857-BCCF-CC767AF9935A}.Release|Any CPU.ActiveCfg = Release|Any CPU
		{141637A6-0F91-4857-BCCF-CC767AF9935A}.Release|Any CPU.Build.0 = Release|Any CPU
	EndGlobalSection
	GlobalSection(SolutionProperties) = preSolution
		HideSolutionNode = FALSE
	EndGlobalSection
	GlobalSection(ExtensibilityGlobals) = postSolution
		SolutionGuid = {0EA240EF-6E7F-4DC4-9932-D02E2127DB4B}
	EndGlobalSection
EndGlobal
